
Microsoft Visual Studio Solution File, Format Version 12.00
# Visual Studio Version 17
VisualStudioVersion = 17.12.35707.178
MinimumVisualStudioVersion = 10.0.40219.1
Project("{FAE04EC0-301F-11D3-BF4B-00C04F79EFBC}") = "FamilyTree.Api", "src\FamilyTree.Api\FamilyTree.Api.csproj", "{681CCB26-D242-404C-9C8E-5B012507DAFB}"
EndProject
Project("{FAE04EC0-301F-11D3-BF4B-00C04F79EFBC}") = "FamilyTree.Application", "src\FamilyTree.Application\FamilyTree.Application.csproj", "{D88131D1-93C7-48F4-93DF-19BCBA433C76}"
EndProject
Project("{FAE04EC0-301F-11D3-BF4B-00C04F79EFBC}") = "FamilyTree.Contracts", "src\FamilyTree.Contracts\FamilyTree.Contracts.csproj", "{79B5CCD6-82B5-4670-98A5-0A6D3C6AB3F1}"
EndProject
Project("{FAE04EC0-301F-11D3-BF4B-00C04F79EFBC}") = "FamilyTree.Infrastructure", "src\FamilyTree.Infrastructure\FamilyTree.Infrastructure.csproj", "{139AA03A-1EE7-48A8-806F-40FF2B497837}"
EndProject
Project("{FAE04EC0-301F-11D3-BF4B-00C04F79EFBC}") = "FamilyTree.Domain", "src\FamilyTree.Domain\FamilyTree.Domain.csproj", "{3BE6DAD3-14AA-41AB-89F5-8C069E661B66}"
EndProject
Project("{2150E333-8FDC-42A3-9474-1A3956D46DE8}") = "src", "src", "{98CAC580-5F48-45E1-813C-510E360C690A}"
EndProject
Global
	GlobalSection(SolutionConfigurationPlatforms) = preSolution
		Debug|Any CPU = Debug|Any CPU
		Release|Any CPU = Release|Any CPU
	EndGlobalSection
	GlobalSection(ProjectConfigurationPlatforms) = postSolution
		{681CCB26-D242-404C-9C8E-5B012507DAFB}.Debug|Any CPU.ActiveCfg = Debug|Any CPU
		{681CCB26-D242-404C-9C8E-5B012507DAFB}.Debug|Any CPU.Build.0 = Debug|Any CPU
		{681CCB26-D242-404C-9C8E-5B012507DAFB}.Release|Any CPU.ActiveCfg = Release|Any CPU
		{681CCB26-D242-404C-9C8E-5B012507DAFB}.Release|Any CPU.Build.0 = Release|Any CPU
		{D88131D1-93C7-48F4-93DF-19BCBA433C76}.Debug|Any CPU.ActiveCfg = Debug|Any CPU
		{D88131D1-93C7-48F4-93DF-19BCBA433C76}.Debug|Any CPU.Build.0 = Debug|Any CPU
		{D88131D1-93C7-48F4-93DF-19BCBA433C76}.Release|Any CPU.ActiveCfg = Release|Any CPU
		{D88131D1-93C7-48F4-93DF-19BCBA433C76}.Release|Any CPU.Build.0 = Release|Any CPU
		{79B5CCD6-82B5-4670-98A5-0A6D3C6AB3F1}.Debug|Any CPU.ActiveCfg = Debug|Any CPU
		{79B5CCD6-82B5-4670-98A5-0A6D3C6AB3F1}.Debug|Any CPU.Build.0 = Debug|Any CPU
		{79B5CCD6-82B5-4670-98A5-0A6D3C6AB3F1}.Release|Any CPU.ActiveCfg = Release|Any CPU
		{79B5CCD6-82B5-4670-98A5-0A6D3C6AB3F1}.Release|Any CPU.Build.0 = Release|Any CPU
		{139AA03A-1EE7-48A8-806F-40FF2B497837}.Debug|Any CPU.ActiveCfg = Debug|Any CPU
		{139AA03A-1EE7-48A8-806F-40FF2B497837}.Debug|Any CPU.Build.0 = Debug|Any CPU
		{139AA03A-1EE7-48A8-806F-40FF2B497837}.Release|Any CPU.ActiveCfg = Release|Any CPU
		{139AA03A-1EE7-48A8-806F-40FF2B497837}.Release|Any CPU.Build.0 = Release|Any CPU
		{3BE6DAD3-14AA-41AB-89F5-8C069E661B66}.Debug|Any CPU.ActiveCfg = Debug|Any CPU
		{3BE6DAD3-14AA-41AB-89F5-8C069E661B66}.Debug|Any CPU.Build.0 = Debug|Any CPU
		{3BE6DAD3-14AA-41AB-89F5-8C069E661B66}.Release|Any CPU.ActiveCfg = Release|Any CPU
		{3BE6DAD3-14AA-41AB-89F5-8C069E661B66}.Release|Any CPU.Build.0 = Release|Any CPU
	EndGlobalSection
	GlobalSection(SolutionProperties) = preSolution
		HideSolutionNode = FALSE
	EndGlobalSection
	GlobalSection(NestedProjects) = preSolution
		{681CCB26-D242-404C-9C8E-5B012507DAFB} = {98CAC580-5F48-45E1-813C-510E360C690A}
		{D88131D1-93C7-48F4-93DF-19BCBA433C76} = {98CAC580-5F48-45E1-813C-510E360C690A}
		{79B5CCD6-82B5-4670-98A5-0A6D3C6AB3F1} = {98CAC580-5F48-45E1-813C-510E360C690A}
		{139AA03A-1EE7-48A8-806F-40FF2B497837} = {98CAC580-5F48-45E1-813C-510E360C690A}
		{3BE6DAD3-14AA-41AB-89F5-8C069E661B66} = {98CAC580-5F48-45E1-813C-510E360C690A}
	EndGlobalSection
EndGlobal
